
Microsoft Visual Studio Solution File, Format Version 12.00
# Visual Studio Version 17
VisualStudioVersion = 17.0.31903.59
MinimumVisualStudioVersion = 10.0.40219.1
Project("{2150E333-8FDC-42A3-9474-1A3956D46DE8}") = "src", "src", "{827E0CD3-B72D-47B6-A68D-7590B98EB39B}"
EndProject
Project("{FAE04EC0-301F-11D3-BF4B-00C04F79EFBC}") = "Biblio.Common", "src\Biblio.Common\Biblio.Common.csproj", "{B80CD6B0-0BED-4C01-B791-DDF7B9B97205}"
EndProject
Project("{2150E333-8FDC-42A3-9474-1A3956D46DE8}") = "tests", "tests", "{0AB3BF05-4346-4AA6-1389-037BE0695223}"
	ProjectSection(SolutionItems) = preProject
		tests\Directory.Packages.props = tests\Directory.Packages.props
	EndProjectSection
EndProject
Project("{FAE04EC0-301F-11D3-BF4B-00C04F79EFBC}") = "Biblio.Common.Tests", "tests\Biblio.Common.Tests\Biblio.Common.Tests.csproj", "{E1940F5E-E432-4E9D-9337-43BFEDC9DB40}"
EndProject
Project("{FAE04EC0-301F-11D3-BF4B-00C04F79EFBC}") = "Biblio.Common.Akka", "src\Biblio.Common.Akka\Biblio.Common.Akka.csproj", "{6D193631-143F-4EF0-99BE-FA999D253B14}"
EndProject
Project("{FAE04EC0-301F-11D3-BF4B-00C04F79EFBC}") = "Biblio.Common.Akka.Tests", "tests\Biblio.Common.Akka.Tests\Biblio.Common.Akka.Tests.csproj", "{9885CF1C-5D9E-404B-B77A-7EB4FD243123}"
EndProject
Project("{FAE04EC0-301F-11D3-BF4B-00C04F79EFBC}") = "Biblio.Citations.Domain", "src\Biblio.Citations.Domain\Biblio.Citations.Domain.csproj", "{3B21242D-66B5-4068-9075-1D69E5023238}"
EndProject
Project("{FAE04EC0-301F-11D3-BF4B-00C04F79EFBC}") = "Biblio.Citations.Domain.Tests", "tests\Biblio.Citations.Domain.Tests\Biblio.Citations.Domain.Tests.csproj", "{6F006DFB-1BC9-4711-89D6-0BC2A0971296}"
EndProject
Project("{2150E333-8FDC-42A3-9474-1A3956D46DE8}") = "_build", "_build", "{43FA05CC-370A-B1F9-A7F9-0D342AF06D05}"
	ProjectSection(SolutionItems) = preProject
		Directory.Build.props = Directory.Build.props
		Directory.Packages.props = Directory.Packages.props
	EndProjectSection
EndProject
Project("{FAE04EC0-301F-11D3-BF4B-00C04F79EFBC}") = "ServiceDefaults", "src\ServiceDefaults\ServiceDefaults.csproj", "{D7FA20B7-FBD1-456F-AA22-0CA89C9991C3}"
EndProject
Project("{FAE04EC0-301F-11D3-BF4B-00C04F79EFBC}") = "Biblio.Citations.WebApi", "src\Biblio.Citations.WebApi\Biblio.Citations.WebApi.csproj", "{AEE7F88C-D8D7-484D-91CF-6E11C9DE95FE}"
EndProject
Project("{FAE04EC0-301F-11D3-BF4B-00C04F79EFBC}") = "Biblio.Aspire", "src\Biblio.Aspire\Biblio.Aspire.csproj", "{DE0B894D-FEC8-4512-825A-BEC1D704E55E}"
EndProject
Global
	GlobalSection(SolutionConfigurationPlatforms) = preSolution
		Debug|Any CPU = Debug|Any CPU
		Debug|x64 = Debug|x64
		Debug|x86 = Debug|x86
		Release|Any CPU = Release|Any CPU
		Release|x64 = Release|x64
		Release|x86 = Release|x86
	EndGlobalSection
	GlobalSection(ProjectConfigurationPlatforms) = postSolution
		{B80CD6B0-0BED-4C01-B791-DDF7B9B97205}.Debug|Any CPU.ActiveCfg = Debug|Any CPU
		{B80CD6B0-0BED-4C01-B791-DDF7B9B97205}.Debug|Any CPU.Build.0 = Debug|Any CPU
		{B80CD6B0-0BED-4C01-B791-DDF7B9B97205}.Debug|x64.ActiveCfg = Debug|Any CPU
		{B80CD6B0-0BED-4C01-B791-DDF7B9B97205}.Debug|x64.Build.0 = Debug|Any CPU
		{B80CD6B0-0BED-4C01-B791-DDF7B9B97205}.Debug|x86.ActiveCfg = Debug|Any CPU
		{B80CD6B0-0BED-4C01-B791-DDF7B9B97205}.Debug|x86.Build.0 = Debug|Any CPU
		{B80CD6B0-0BED-4C01-B791-DDF7B9B97205}.Release|Any CPU.ActiveCfg = Release|Any CPU
		{B80CD6B0-0BED-4C01-B791-DDF7B9B97205}.Release|Any CPU.Build.0 = Release|Any CPU
		{B80CD6B0-0BED-4C01-B791-DDF7B9B97205}.Release|x64.ActiveCfg = Release|Any CPU
		{B80CD6B0-0BED-4C01-B791-DDF7B9B97205}.Release|x64.Build.0 = Release|Any CPU
		{B80CD6B0-0BED-4C01-B791-DDF7B9B97205}.Release|x86.ActiveCfg = Release|Any CPU
		{B80CD6B0-0BED-4C01-B791-DDF7B9B97205}.Release|x86.Build.0 = Release|Any CPU
		{E1940F5E-E432-4E9D-9337-43BFEDC9DB40}.Debug|Any CPU.ActiveCfg = Debug|Any CPU
		{E1940F5E-E432-4E9D-9337-43BFEDC9DB40}.Debug|Any CPU.Build.0 = Debug|Any CPU
		{E1940F5E-E432-4E9D-9337-43BFEDC9DB40}.Debug|x64.ActiveCfg = Debug|Any CPU
		{E1940F5E-E432-4E9D-9337-43BFEDC9DB40}.Debug|x64.Build.0 = Debug|Any CPU
		{E1940F5E-E432-4E9D-9337-43BFEDC9DB40}.Debug|x86.ActiveCfg = Debug|Any CPU
		{E1940F5E-E432-4E9D-9337-43BFEDC9DB40}.Debug|x86.Build.0 = Debug|Any CPU
		{E1940F5E-E432-4E9D-9337-43BFEDC9DB40}.Release|Any CPU.ActiveCfg = Release|Any CPU
		{E1940F5E-E432-4E9D-9337-43BFEDC9DB40}.Release|Any CPU.Build.0 = Release|Any CPU
		{E1940F5E-E432-4E9D-9337-43BFEDC9DB40}.Release|x64.ActiveCfg = Release|Any CPU
		{E1940F5E-E432-4E9D-9337-43BFEDC9DB40}.Release|x64.Build.0 = Release|Any CPU
		{E1940F5E-E432-4E9D-9337-43BFEDC9DB40}.Release|x86.ActiveCfg = Release|Any CPU
		{E1940F5E-E432-4E9D-9337-43BFEDC9DB40}.Release|x86.Build.0 = Release|Any CPU
		{6D193631-143F-4EF0-99BE-FA999D253B14}.Debug|Any CPU.ActiveCfg = Debug|Any CPU
		{6D193631-143F-4EF0-99BE-FA999D253B14}.Debug|Any CPU.Build.0 = Debug|Any CPU
		{6D193631-143F-4EF0-99BE-FA999D253B14}.Debug|x64.ActiveCfg = Debug|Any CPU
		{6D193631-143F-4EF0-99BE-FA999D253B14}.Debug|x64.Build.0 = Debug|Any CPU
		{6D193631-143F-4EF0-99BE-FA999D253B14}.Debug|x86.ActiveCfg = Debug|Any CPU
		{6D193631-143F-4EF0-99BE-FA999D253B14}.Debug|x86.Build.0 = Debug|Any CPU
		{6D193631-143F-4EF0-99BE-FA999D253B14}.Release|Any CPU.ActiveCfg = Release|Any CPU
		{6D193631-143F-4EF0-99BE-FA999D253B14}.Release|Any CPU.Build.0 = Release|Any CPU
		{6D193631-143F-4EF0-99BE-FA999D253B14}.Release|x64.ActiveCfg = Release|Any CPU
		{6D193631-143F-4EF0-99BE-FA999D253B14}.Release|x64.Build.0 = Release|Any CPU
		{6D193631-143F-4EF0-99BE-FA999D253B14}.Release|x86.ActiveCfg = Release|Any CPU
		{6D193631-143F-4EF0-99BE-FA999D253B14}.Release|x86.Build.0 = Release|Any CPU
		{9885CF1C-5D9E-404B-B77A-7EB4FD243123}.Debug|Any CPU.ActiveCfg = Debug|Any CPU
		{9885CF1C-5D9E-404B-B77A-7EB4FD243123}.Debug|Any CPU.Build.0 = Debug|Any CPU
		{9885CF1C-5D9E-404B-B77A-7EB4FD243123}.Debug|x64.ActiveCfg = Debug|Any CPU
		{9885CF1C-5D9E-404B-B77A-7EB4FD243123}.Debug|x64.Build.0 = Debug|Any CPU
		{9885CF1C-5D9E-404B-B77A-7EB4FD243123}.Debug|x86.ActiveCfg = Debug|Any CPU
		{9885CF1C-5D9E-404B-B77A-7EB4FD243123}.Debug|x86.Build.0 = Debug|Any CPU
		{9885CF1C-5D9E-404B-B77A-7EB4FD243123}.Release|Any CPU.ActiveCfg = Release|Any CPU
		{9885CF1C-5D9E-404B-B77A-7EB4FD243123}.Release|Any CPU.Build.0 = Release|Any CPU
		{9885CF1C-5D9E-404B-B77A-7EB4FD243123}.Release|x64.ActiveCfg = Release|Any CPU
		{9885CF1C-5D9E-404B-B77A-7EB4FD243123}.Release|x64.Build.0 = Release|Any CPU
		{9885CF1C-5D9E-404B-B77A-7EB4FD243123}.Release|x86.ActiveCfg = Release|Any CPU
		{9885CF1C-5D9E-404B-B77A-7EB4FD243123}.Release|x86.Build.0 = Release|Any CPU
		{3B21242D-66B5-4068-9075-1D69E5023238}.Debug|Any CPU.ActiveCfg = Debug|Any CPU
		{3B21242D-66B5-4068-9075-1D69E5023238}.Debug|Any CPU.Build.0 = Debug|Any CPU
		{3B21242D-66B5-4068-9075-1D69E5023238}.Debug|x64.ActiveCfg = Debug|Any CPU
		{3B21242D-66B5-4068-9075-1D69E5023238}.Debug|x64.Build.0 = Debug|Any CPU
		{3B21242D-66B5-4068-9075-1D69E5023238}.Debug|x86.ActiveCfg = Debug|Any CPU
		{3B21242D-66B5-4068-9075-1D69E5023238}.Debug|x86.Build.0 = Debug|Any CPU
		{3B21242D-66B5-4068-9075-1D69E5023238}.Release|Any CPU.ActiveCfg = Release|Any CPU
		{3B21242D-66B5-4068-9075-1D69E5023238}.Release|Any CPU.Build.0 = Release|Any CPU
		{3B21242D-66B5-4068-9075-1D69E5023238}.Release|x64.ActiveCfg = Release|Any CPU
		{3B21242D-66B5-4068-9075-1D69E5023238}.Release|x64.Build.0 = Release|Any CPU
		{3B21242D-66B5-4068-9075-1D69E5023238}.Release|x86.ActiveCfg = Release|Any CPU
		{3B21242D-66B5-4068-9075-1D69E5023238}.Release|x86.Build.0 = Release|Any CPU
		{6F006DFB-1BC9-4711-89D6-0BC2A0971296}.Debug|Any CPU.ActiveCfg = Debug|Any CPU
		{6F006DFB-1BC9-4711-89D6-0BC2A0971296}.Debug|Any CPU.Build.0 = Debug|Any CPU
		{6F006DFB-1BC9-4711-89D6-0BC2A0971296}.Debug|x64.ActiveCfg = Debug|Any CPU
		{6F006DFB-1BC9-4711-89D6-0BC2A0971296}.Debug|x64.Build.0 = Debug|Any CPU
		{6F006DFB-1BC9-4711-89D6-0BC2A0971296}.Debug|x86.ActiveCfg = Debug|Any CPU
		{6F006DFB-1BC9-4711-89D6-0BC2A0971296}.Debug|x86.Build.0 = Debug|Any CPU
		{6F006DFB-1BC9-4711-89D6-0BC2A0971296}.Release|Any CPU.ActiveCfg = Release|Any CPU
		{6F006DFB-1BC9-4711-89D6-0BC2A0971296}.Release|Any CPU.Build.0 = Release|Any CPU
		{6F006DFB-1BC9-4711-89D6-0BC2A0971296}.Release|x64.ActiveCfg = Release|Any CPU
		{6F006DFB-1BC9-4711-89D6-0BC2A0971296}.Release|x64.Build.0 = Release|Any CPU
		{6F006DFB-1BC9-4711-89D6-0BC2A0971296}.Release|x86.ActiveCfg = Release|Any CPU
		{6F006DFB-1BC9-4711-89D6-0BC2A0971296}.Release|x86.Build.0 = Release|Any CPU
		{D7FA20B7-FBD1-456F-AA22-0CA89C9991C3}.Debug|Any CPU.ActiveCfg = Debug|Any CPU
		{D7FA20B7-FBD1-456F-AA22-0CA89C9991C3}.Debug|Any CPU.Build.0 = Debug|Any CPU
		{D7FA20B7-FBD1-456F-AA22-0CA89C9991C3}.Debug|x64.ActiveCfg = Debug|Any CPU
		{D7FA20B7-FBD1-456F-AA22-0CA89C9991C3}.Debug|x64.Build.0 = Debug|Any CPU
		{D7FA20B7-FBD1-456F-AA22-0CA89C9991C3}.Debug|x86.ActiveCfg = Debug|Any CPU
		{D7FA20B7-FBD1-456F-AA22-0CA89C9991C3}.Debug|x86.Build.0 = Debug|Any CPU
		{D7FA20B7-FBD1-456F-AA22-0CA89C9991C3}.Release|Any CPU.ActiveCfg = Release|Any CPU
		{D7FA20B7-FBD1-456F-AA22-0CA89C9991C3}.Release|Any CPU.Build.0 = Release|Any CPU
		{D7FA20B7-FBD1-456F-AA22-0CA89C9991C3}.Release|x64.ActiveCfg = Release|Any CPU
		{D7FA20B7-FBD1-456F-AA22-0CA89C9991C3}.Release|x64.Build.0 = Release|Any CPU
		{D7FA20B7-FBD1-456F-AA22-0CA89C9991C3}.Release|x86.ActiveCfg = Release|Any CPU
		{D7FA20B7-FBD1-456F-AA22-0CA89C9991C3}.Release|x86.Build.0 = Release|Any CPU
		{AEE7F88C-D8D7-484D-91CF-6E11C9DE95FE}.Debug|Any CPU.ActiveCfg = Debug|Any CPU
		{AEE7F88C-D8D7-484D-91CF-6E11C9DE95FE}.Debug|Any CPU.Build.0 = Debug|Any CPU
		{AEE7F88C-D8D7-484D-91CF-6E11C9DE95FE}.Debug|x64.ActiveCfg = Debug|Any CPU
		{AEE7F88C-D8D7-484D-91CF-6E11C9DE95FE}.Debug|x64.Build.0 = Debug|Any CPU
		{AEE7F88C-D8D7-484D-91CF-6E11C9DE95FE}.Debug|x86.ActiveCfg = Debug|Any CPU
		{AEE7F88C-D8D7-484D-91CF-6E11C9DE95FE}.Debug|x86.Build.0 = Debug|Any CPU
		{AEE7F88C-D8D7-484D-91CF-6E11C9DE95FE}.Release|Any CPU.ActiveCfg = Release|Any CPU
		{AEE7F88C-D8D7-484D-91CF-6E11C9DE95FE}.Release|Any CPU.Build.0 = Release|Any CPU
		{AEE7F88C-D8D7-484D-91CF-6E11C9DE95FE}.Release|x64.ActiveCfg = Release|Any CPU
		{AEE7F88C-D8D7-484D-91CF-6E11C9DE95FE}.Release|x64.Build.0 = Release|Any CPU
		{AEE7F88C-D8D7-484D-91CF-6E11C9DE95FE}.Release|x86.ActiveCfg = Release|Any CPU
		{AEE7F88C-D8D7-484D-91CF-6E11C9DE95FE}.Release|x86.Build.0 = Release|Any CPU
		{DE0B894D-FEC8-4512-825A-BEC1D704E55E}.Debug|Any CPU.ActiveCfg = Debug|Any CPU
		{DE0B894D-FEC8-4512-825A-BEC1D704E55E}.Debug|Any CPU.Build.0 = Debug|Any CPU
		{DE0B894D-FEC8-4512-825A-BEC1D704E55E}.Debug|x64.ActiveCfg = Debug|Any CPU
		{DE0B894D-FEC8-4512-825A-BEC1D704E55E}.Debug|x64.Build.0 = Debug|Any CPU
		{DE0B894D-FEC8-4512-825A-BEC1D704E55E}.Debug|x86.ActiveCfg = Debug|Any CPU
		{DE0B894D-FEC8-4512-825A-BEC1D704E55E}.Debug|x86.Build.0 = Debug|Any CPU
		{DE0B894D-FEC8-4512-825A-BEC1D704E55E}.Release|Any CPU.ActiveCfg = Release|Any CPU
		{DE0B894D-FEC8-4512-825A-BEC1D704E55E}.Release|Any CPU.Build.0 = Release|Any CPU
		{DE0B894D-FEC8-4512-825A-BEC1D704E55E}.Release|x64.ActiveCfg = Release|Any CPU
		{DE0B894D-FEC8-4512-825A-BEC1D704E55E}.Release|x64.Build.0 = Release|Any CPU
		{DE0B894D-FEC8-4512-825A-BEC1D704E55E}.Release|x86.ActiveCfg = Release|Any CPU
		{DE0B894D-FEC8-4512-825A-BEC1D704E55E}.Release|x86.Build.0 = Release|Any CPU
	EndGlobalSection
	GlobalSection(SolutionProperties) = preSolution
		HideSolutionNode = FALSE
	EndGlobalSection
	GlobalSection(NestedProjects) = preSolution
		{B80CD6B0-0BED-4C01-B791-DDF7B9B97205} = {827E0CD3-B72D-47B6-A68D-7590B98EB39B}
		{E1940F5E-E432-4E9D-9337-43BFEDC9DB40} = {0AB3BF05-4346-4AA6-1389-037BE0695223}
		{6D193631-143F-4EF0-99BE-FA999D253B14} = {827E0CD3-B72D-47B6-A68D-7590B98EB39B}
		{9885CF1C-5D9E-404B-B77A-7EB4FD243123} = {0AB3BF05-4346-4AA6-1389-037BE0695223}
		{3B21242D-66B5-4068-9075-1D69E5023238} = {827E0CD3-B72D-47B6-A68D-7590B98EB39B}
		{6F006DFB-1BC9-4711-89D6-0BC2A0971296} = {0AB3BF05-4346-4AA6-1389-037BE0695223}
		{D7FA20B7-FBD1-456F-AA22-0CA89C9991C3} = {827E0CD3-B72D-47B6-A68D-7590B98EB39B}
		{AEE7F88C-D8D7-484D-91CF-6E11C9DE95FE} = {827E0CD3-B72D-47B6-A68D-7590B98EB39B}
		{DE0B894D-FEC8-4512-825A-BEC1D704E55E} = {827E0CD3-B72D-47B6-A68D-7590B98EB39B}
	EndGlobalSection
EndGlobal
